Microsoft Visual Studio Solution File, Format Version 12.00
# Visual Studio Version 17
VisualStudioVersion = 17.5.2.0
MinimumVisualStudioVersion = 10.0.40219.1
Project("{FAE04EC0-301F-11D3-BF4B-00C04F79EFBC}") = "AudioSeparationSite", "AudioSeparationSite.csproj", "{0063FCDB-B9FD-E5E7-12AB-23A0BB49CB74}"
EndProject
Global
	GlobalSection(SolutionConfigurationPlatforms) = preSolution
		Debug|Any CPU = Debug|Any CPU
		Release|Any CPU = Release|Any CPU
	EndGlobalSection
	GlobalSection(ProjectConfigurationPlatforms) = postSolution
		{0063FCDB-B9FD-E5E7-12AB-23A0BB49CB74}.Debug|Any CPU.ActiveCfg = Debug|Any CPU
		{0063FCDB-B9FD-E5E7-12AB-23A0BB49CB74}.Debug|Any CPU.Build.0 = Debug|Any CPU
		{0063FCDB-B9FD-E5E7-12AB-23A0BB49CB74}.Release|Any CPU.ActiveCfg = Release|Any CPU
		{0063FCDB-B9FD-E5E7-12AB-23A0BB49CB74}.Release|Any CPU.Build.0 = Release|Any CPU
	EndGlobalSection
	GlobalSection(SolutionProperties) = preSolution
		HideSolutionNode = FALSE
	EndGlobalSection
	GlobalSection(ExtensibilityGlobals) = postSolution
		SolutionGuid = {8D48D04E-86B5-4386-81CC-7043E20A034A}
	EndGlobalSection
EndGlobal
